
Microsoft Visual Studio Solution File, Format Version 12.00
# Visual Studio 15
VisualStudioVersion = 15.0.28307.106
MinimumVisualStudioVersion = 10.0.40219.1
Project("{FAE04EC0-301F-11D3-BF4B-00C04F79EFBC}") = "COMP1098 Exam", "COMP1004-F2016-Mid-Term Exam\COMP1098 Exam.csproj", "{138F00C4-91D3-423C-8D08-B9B3F49ABC40}"
EndProject
Global
	GlobalSection(SolutionConfigurationPlatforms) = preSolution
		Debug|Any CPU = Debug|Any CPU
		Release|Any CPU = Release|Any CPU
	EndGlobalSection
	GlobalSection(ProjectConfigurationPlatforms) = postSolution
		{138F00C4-91D3-423C-8D08-B9B3F49ABC40}.Debug|Any CPU.ActiveCfg = Debug|Any CPU
		{138F00C4-91D3-423C-8D08-B9B3F49ABC40}.Debug|Any CPU.Build.0 = Debug|Any CPU
		{138F00C4-91D3-423C-8D08-B9B3F49ABC40}.Release|Any CPU.ActiveCfg = Release|Any CPU
		{138F00C4-91D3-423C-8D08-B9B3F49ABC40}.Release|Any CPU.Build.0 = Release|Any CPU
	EndGlobalSection
	GlobalSection(SolutionProperties) = preSolution
		HideSolutionNode = FALSE
	EndGlobalSection
	GlobalSection(ExtensibilityGlobals) = postSolution
		SolutionGuid = {40DE933D-DA08-4D8E-90F5-9D0A7D104828}
	EndGlobalSection
EndGlobal
